
Microsoft Visual Studio Solution File, Format Version 12.00
# Visual Studio Version 17
VisualStudioVersion = 17.1.32319.34
MinimumVisualStudioVersion = 10.0.40219.1
Project("{FAE04EC0-301F-11D3-BF4B-00C04F79EFBC}") = "SecondLessonWPF", "SecondLessonWPF\SecondLessonWPF.csproj", "{BFF1A813-0D9D-47B4-A241-A699B417C508}"
EndProject
Global
	GlobalSection(SolutionConfigurationPlatforms) = preSolution
		Debug|Any CPU = Debug|Any CPU
		Release|Any CPU = Release|Any CPU
	EndGlobalSection
	GlobalSection(ProjectConfigurationPlatforms) = postSolution
		{BFF1A813-0D9D-47B4-A241-A699B417C508}.Debug|Any CPU.ActiveCfg = Debug|Any CPU
		{BFF1A813-0D9D-47B4-A241-A699B417C508}.Debug|Any CPU.Build.0 = Debug|Any CPU
		{BFF1A813-0D9D-47B4-A241-A699B417C508}.Release|Any CPU.ActiveCfg = Release|Any CPU
		{BFF1A813-0D9D-47B4-A241-A699B417C508}.Release|Any CPU.Build.0 = Release|Any CPU
	EndGlobalSection
	GlobalSection(SolutionProperties) = preSolution
		HideSolutionNode = FALSE
	EndGlobalSection
	GlobalSection(ExtensibilityGlobals) = postSolution
		SolutionGuid = {3E5BA2D8-656D-4E91-B66A-982D872007B7}
	EndGlobalSection
EndGlobal
